
Microsoft Visual Studio Solution File, Format Version 12.00
# Visual Studio Version 17
VisualStudioVersion = 17.2.32630.192
MinimumVisualStudioVersion = 10.0.40219.1
Project("{FAE04EC0-301F-11D3-BF4B-00C04F79EFBC}") = "Optional Assignment(Array-ArrayList)", "Optional Assignment(Array-ArrayList)\Optional Assignment(Array-ArrayList).csproj", "{3FB6D03D-68B1-45FD-A558-6B424F7EF538}"
EndProject
Global
	GlobalSection(SolutionConfigurationPlatforms) = preSolution
		Debug|Any CPU = Debug|Any CPU
		Release|Any CPU = Release|Any CPU
	EndGlobalSection
	GlobalSection(ProjectConfigurationPlatforms) = postSolution
		{3FB6D03D-68B1-45FD-A558-6B424F7EF538}.Debug|Any CPU.ActiveCfg = Debug|Any CPU
		{3FB6D03D-68B1-45FD-A558-6B424F7EF538}.Debug|Any CPU.Build.0 = Debug|Any CPU
		{3FB6D03D-68B1-45FD-A558-6B424F7EF538}.Release|Any CPU.ActiveCfg = Release|Any CPU
		{3FB6D03D-68B1-45FD-A558-6B424F7EF538}.Release|Any CPU.Build.0 = Release|Any CPU
	EndGlobalSection
	GlobalSection(SolutionProperties) = preSolution
		HideSolutionNode = FALSE
	EndGlobalSection
	GlobalSection(ExtensibilityGlobals) = postSolution
		SolutionGuid = {30CD7347-23CF-4B2A-AD10-87DC0A50262F}
	EndGlobalSection
EndGlobal
