
Microsoft Visual Studio Solution File, Format Version 12.00
# Visual Studio Version 17
VisualStudioVersion = 17.2.32630.192
MinimumVisualStudioVersion = 10.0.40219.1
Project("{FAE04EC0-301F-11D3-BF4B-00C04F79EFBC}") = "Sorted-List", "Sorted-List\Sorted-List.csproj", "{2B517015-F242-4732-BA01-37B5D7DF6D41}"
EndProject
Global
	GlobalSection(SolutionConfigurationPlatforms) = preSolution
		Debug|Any CPU = Debug|Any CPU
		Release|Any CPU = Release|Any CPU
	EndGlobalSection
	GlobalSection(ProjectConfigurationPlatforms) = postSolution
		{2B517015-F242-4732-BA01-37B5D7DF6D41}.Debug|Any CPU.ActiveCfg = Debug|Any CPU
		{2B517015-F242-4732-BA01-37B5D7DF6D41}.Debug|Any CPU.Build.0 = Debug|Any CPU
		{2B517015-F242-4732-BA01-37B5D7DF6D41}.Release|Any CPU.ActiveCfg = Release|Any CPU
		{2B517015-F242-4732-BA01-37B5D7DF6D41}.Release|Any CPU.Build.0 = Release|Any CPU
	EndGlobalSection
	GlobalSection(SolutionProperties) = preSolution
		HideSolutionNode = FALSE
	EndGlobalSection
	GlobalSection(ExtensibilityGlobals) = postSolution
		SolutionGuid = {BA3B2C88-A5D3-43A6-9CEA-A7D252C62B5C}
	EndGlobalSection
EndGlobal
